
Microsoft Visual Studio Solution File, Format Version 12.00
Project("{FAE04EC0-301F-11D3-BF4B-00C04F79EFBC}") = "DAL", "DAL\DAL.csproj", "{4987E075-F78F-498F-B0EB-E1B293CB80AD}"
EndProject
Global
	GlobalSection(SolutionConfigurationPlatforms) = preSolution
		Debug|Any CPU = Debug|Any CPU
		Release|Any CPU = Release|Any CPU
	EndGlobalSection
	GlobalSection(ProjectConfigurationPlatforms) = postSolution
		{4987E075-F78F-498F-B0EB-E1B293CB80AD}.Debug|Any CPU.ActiveCfg = Debug|Any CPU
		{4987E075-F78F-498F-B0EB-E1B293CB80AD}.Debug|Any CPU.Build.0 = Debug|Any CPU
		{4987E075-F78F-498F-B0EB-E1B293CB80AD}.Release|Any CPU.ActiveCfg = Release|Any CPU
		{4987E075-F78F-498F-B0EB-E1B293CB80AD}.Release|Any CPU.Build.0 = Release|Any CPU
	EndGlobalSection
EndGlobal
